
Microsoft Visual Studio Solution File, Format Version 12.00
# Visual Studio Version 17
VisualStudioVersion = 17.6.33723.286
MinimumVisualStudioVersion = 10.0.40219.1
Project("{FAE04EC0-301F-11D3-BF4B-00C04F79EFBC}") = "SEN381 UI", "SEN381 UI\SEN381 UI.csproj", "{476E68F0-20FB-4225-9219-0EACFA08DA82}"
EndProject
Global
	GlobalSection(SolutionConfigurationPlatforms) = preSolution
		Debug|Any CPU = Debug|Any CPU
		Release|Any CPU = Release|Any CPU
	EndGlobalSection
	GlobalSection(ProjectConfigurationPlatforms) = postSolution
		{476E68F0-20FB-4225-9219-0EACFA08DA82}.Debug|Any CPU.ActiveCfg = Debug|Any CPU
		{476E68F0-20FB-4225-9219-0EACFA08DA82}.Debug|Any CPU.Build.0 = Debug|Any CPU
		{476E68F0-20FB-4225-9219-0EACFA08DA82}.Release|Any CPU.ActiveCfg = Release|Any CPU
		{476E68F0-20FB-4225-9219-0EACFA08DA82}.Release|Any CPU.Build.0 = Release|Any CPU
	EndGlobalSection
	GlobalSection(SolutionProperties) = preSolution
		HideSolutionNode = FALSE
	EndGlobalSection
	GlobalSection(ExtensibilityGlobals) = postSolution
		SolutionGuid = {EBACE21C-1F63-4E30-AD80-1A4530324F78}
	EndGlobalSection
EndGlobal
